
Microsoft Visual Studio Solution File, Format Version 12.00
Project("{FAE04EC0-301F-11D3-BF4B-00C04F79EFBC}") = "Facebook.Conversations.macOS", "Facebook.Conversations.macOS\Facebook.Conversations.macOS.csproj", "{E0260AD0-8147-4F45-9AA5-B146DE9C06FD}"
EndProject
Project("{FAE04EC0-301F-11D3-BF4B-00C04F79EFBC}") = "Core", "Core\Core.csproj", "{B37142E9-66A6-4B07-8214-FFB05A5CBF4D}"
EndProject
Project("{FAE04EC0-301F-11D3-BF4B-00C04F79EFBC}") = "Console", "Console\Console.csproj", "{DCE1295B-C2EE-4F0B-9D34-182FA72B3E8B}"
EndProject
Global
	GlobalSection(SolutionConfigurationPlatforms) = preSolution
		Debug|Any CPU = Debug|Any CPU
		Release|Any CPU = Release|Any CPU
	EndGlobalSection
	GlobalSection(ProjectConfigurationPlatforms) = postSolution
		{E0260AD0-8147-4F45-9AA5-B146DE9C06FD}.Debug|Any CPU.ActiveCfg = Debug|x86
		{E0260AD0-8147-4F45-9AA5-B146DE9C06FD}.Debug|Any CPU.Build.0 = Debug|x86
		{E0260AD0-8147-4F45-9AA5-B146DE9C06FD}.Release|Any CPU.ActiveCfg = Release|x86
		{E0260AD0-8147-4F45-9AA5-B146DE9C06FD}.Release|Any CPU.Build.0 = Release|x86
		{E0260AD0-8147-4F45-9AA5-B146DE9C06FD}.Debug|Any CPU.Deploy.0 = Debug|x86
		{B37142E9-66A6-4B07-8214-FFB05A5CBF4D}.Debug|Any CPU.ActiveCfg = Debug|Any CPU
		{B37142E9-66A6-4B07-8214-FFB05A5CBF4D}.Debug|Any CPU.Build.0 = Debug|Any CPU
		{B37142E9-66A6-4B07-8214-FFB05A5CBF4D}.Release|Any CPU.ActiveCfg = Release|Any CPU
		{B37142E9-66A6-4B07-8214-FFB05A5CBF4D}.Release|Any CPU.Build.0 = Release|Any CPU
		{DCE1295B-C2EE-4F0B-9D34-182FA72B3E8B}.Debug|Any CPU.ActiveCfg = Debug|Any CPU
		{DCE1295B-C2EE-4F0B-9D34-182FA72B3E8B}.Debug|Any CPU.Build.0 = Debug|Any CPU
		{DCE1295B-C2EE-4F0B-9D34-182FA72B3E8B}.Release|Any CPU.ActiveCfg = Release|Any CPU
		{DCE1295B-C2EE-4F0B-9D34-182FA72B3E8B}.Release|Any CPU.Build.0 = Release|Any CPU
	EndGlobalSection
EndGlobal
